// !$*UTF8*$!
{
	archiveVersion = 1;
	classes = {
	};
	objectVersion = 48;
	objects = {

/* Begin PBXBuildFile section */
		01A80E654E66B3ADD72AE72D /* Pods_ofo.framework in Frameworks */ = {isa = PBXBuildFile; fileRef = A9538F1626E1A3EA957CCBFC /* Pods_ofo.framework */; };
		9965677A1F87AFF7003BCF68 /* 中国重庆市渝中区400010解放碑商圈新华路222号 邮政编码- 400010.gpx in Resources */ = {isa = PBXBuildFile; fileRef = 996567791F87AFF7003BCF68 /* 中国重庆市渝中区400010解放碑商圈新华路222号 邮政编码- 400010.gpx */; };
		9965677C1F87C059003BCF68 /* MyPinAnnotation.swift in Sources */ = {isa = PBXBuildFile; fileRef = 9965677B1F87C059003BCF68 /* MyPinAnnotation.swift */; };
		99E898611F8690DE006E6F77 /* AppDelegate.swift in Sources */ = {isa = PBXBuildFile; fileRef = 99E898601F8690DE006E6F77 /* AppDelegate.swift */; };
		99E898631F8690DE006E6F77 /* ViewController.swift in Sources */ = {isa = PBXBuildFile; fileRef = 99E898621F8690DE006E6F77 /* ViewController.swift */; };
		99E898681F8690DE006E6F77 /* Assets.xcassets in Resources */ = {isa = PBXBuildFile; fileRef = 99E898671F8690DE006E6F77 /* Assets.xcassets */; };
		99E8986B1F8690DE006E6F77 /* LaunchScreen.storyboard in Resources */ = {isa = PBXBuildFile; fileRef = 99E898691F8690DE006E6F77 /* LaunchScreen.storyboard */; };
		99E898761F872CD1006E6F77 /* WebViewController.swift in Sources */ = {isa = PBXBuildFile; fileRef = 99E898751F872CD1006E6F77 /* WebViewController.swift */; };
		99E898781F8751B8006E6F77 /* MenuController.swift in Sources */ = {isa = PBXBuildFile; fileRef = 99E898771F8751B8006E6F77 /* MenuController.swift */; };
		99E898861F877ADD006E6F77 /* Main.storyboard in Resources */ = {isa = PBXBuildFile; fileRef = 99E898841F877ADD006E6F77 /* Main.storyboard */; };
/* End PBXBuildFile section */

/* Begin PBXFileReference section */
		996567791F87AFF7003BCF68 /* 中国重庆市渝中区400010解放碑商圈新华路222号 邮政编码- 400010.gpx */ = {isa = PBXFileReference; fileEncoding = 4; lastKnownFileType = text.xml; path = "中国重庆市渝中区400010解放碑商圈新华路222号 邮政编码- 400010.gpx"; sourceTree = "<group>"; };
		9965677B1F87C059003BCF68 /* MyPinAnnotation.swift */ = {isa = PBXFileReference; lastKnownFileType = sourcecode.swift; path = MyPinAnnotation.swift; sourceTree = "<group>"; };
		99E8985D1F8690DE006E6F77 /* ofo.app */ = {isa = PBXFileReference; explicitFileType = wrapper.application; includeInIndex = 0; path = ofo.app; sourceTree = BUILT_PRODUCTS_DIR; };
		99E898601F8690DE006E6F77 /* AppDelegate.swift */ = {isa = PBXFileReference; lastKnownFileType = sourcecode.swift; path = AppDelegate.swift; sourceTree = "<group>"; };
		99E898621F8690DE006E6F77 /* ViewController.swift */ = {isa = PBXFileReference; lastKnownFileType = sourcecode.swift; path = ViewController.swift; sourceTree = "<group>"; };
		99E898671F8690DE006E6F77 /* Assets.xcassets */ = {isa = PBXFileReference; lastKnownFileType = folder.assetcatalog; path = Assets.xcassets; sourceTree = "<group>"; };
		99E8986A1F8690DE006E6F77 /* Base */ = {isa = PBXFileReference; lastKnownFileType = file.storyboard; name = Base; path = Base.lproj/LaunchScreen.storyboard; sourceTree = "<group>"; };
		99E8986C1F8690DE006E6F77 /* Info.plist */ = {isa = PBXFileReference; lastKnownFileType = text.plist.xml; path = Info.plist; sourceTree = "<group>"; };
		99E898751F872CD1006E6F77 /* WebViewController.swift */ = {isa = PBXFileReference; lastKnownFileType = sourcecode.swift; path = WebViewController.swift; sourceTree = "<group>"; };
		99E898771F8751B8006E6F77 /* MenuController.swift */ = {isa = PBXFileReference; lastKnownFileType = sourcecode.swift; path = MenuController.swift; sourceTree = "<group>"; };
		99E898791F875564006E6F77 /* ofo-Bridging-Header.h */ = {isa = PBXFileReference; lastKnownFileType = sourcecode.c.h; path = "ofo-Bridging-Header.h"; sourceTree = "<group>"; };
		99E898851F877ADD006E6F77 /* Base */ = {isa = PBXFileReference; lastKnownFileType = file.storyboard; name = Base; path = Base.lproj/Main.storyboard; sourceTree = "<group>"; };
		A9538F1626E1A3EA957CCBFC /* Pods_ofo.framework */ = {isa = PBXFileReference; explicitFileType = wrapper.framework; includeInIndex = 0; path = Pods_ofo.framework; sourceTree = BUILT_PRODUCTS_DIR; };
		C1569C18F451863687CFC046 /* Pods-ofo.debug.xcconfig */ = {isa = PBXFileReference; includeInIndex = 1; lastKnownFileType = text.xcconfig; name = "Pods-ofo.debug.xcconfig"; path = "Pods/Target Support Files/Pods-ofo/Pods-ofo.debug.xcconfig"; sourceTree = "<group>"; };
		F1339CF9DFE9405F8E52EC10 /* Pods-ofo.release.xcconfig */ = {isa = PBXFileReference; includeInIndex = 1; lastKnownFileType = text.xcconfig; name = "Pods-ofo.release.xcconfig"; path = "Pods/Target Support Files/Pods-ofo/Pods-ofo.release.xcconfig"; sourceTree = "<group>"; };
/* End PBXFileReference section */

/* Begin PBXFrameworksBuildPhase section */
		99E8985A1F8690DE006E6F77 /* Frameworks */ = {
			isa = PBXFrameworksBuildPhase;
			buildActionMask = 2147483647;
			files = (
				01A80E654E66B3ADD72AE72D /* Pods_ofo.framework in Frameworks */,
			);
			runOnlyForDeploymentPostprocessing = 0;
		};
/* End PBXFrameworksBuildPhase section */

/* Begin PBXGroup section */
		99E898541F8690DE006E6F77 = {
			isa = PBXGroup;
			children = (
				996567791F87AFF7003BCF68 /* 中国重庆市渝中区400010解放碑商圈新华路222号 邮政编码- 400010.gpx */,
				99E8985F1F8690DE006E6F77 /* ofo */,
				99E8985E1F8690DE006E6F77 /* Products */,
				99E898721F87285E006E6F77 /* Frameworks */,
				C68BB17F1251C7C8046BA723 /* Pods */,
			);
			sourceTree = "<group>";
		};
		99E8985E1F8690DE006E6F77 /* Products */ = {
			isa = PBXGroup;
			children = (
				99E8985D1F8690DE006E6F77 /* ofo.app */,
			);
			name = Products;
			sourceTree = "<group>";
		};
		99E8985F1F8690DE006E6F77 /* ofo */ = {
			isa = PBXGroup;
			children = (
				99E898601F8690DE006E6F77 /* AppDelegate.swift */,
				99E898621F8690DE006E6F77 /* ViewController.swift */,
				9965677B1F87C059003BCF68 /* MyPinAnnotation.swift */,
				99E898751F872CD1006E6F77 /* WebViewController.swift */,
				99E898771F8751B8006E6F77 /* MenuController.swift */,
				99E898841F877ADD006E6F77 /* Main.storyboard */,
				99E898671F8690DE006E6F77 /* Assets.xcassets */,
				99E898691F8690DE006E6F77 /* LaunchScreen.storyboard */,
				99E8986C1F8690DE006E6F77 /* Info.plist */,
				99E898791F875564006E6F77 /* ofo-Bridging-Header.h */,
			);
			path = ofo;
			sourceTree = "<group>";
		};
		99E898721F87285E006E6F77 /* Frameworks */ = {
			isa = PBXGroup;
			children = (
				A9538F1626E1A3EA957CCBFC /* Pods_ofo.framework */,
			);
			name = Frameworks;
			sourceTree = "<group>";
		};
		C68BB17F1251C7C8046BA723 /* Pods */ = {
			isa = PBXGroup;
			children = (
				C1569C18F451863687CFC046 /* Pods-ofo.debug.xcconfig */,
				F1339CF9DFE9405F8E52EC10 /* Pods-ofo.release.xcconfig */,
			);
			name = Pods;
			sourceTree = "<group>";
		};
/* End PBXGroup section */

/* Begin PBXNativeTarget section */
		99E8985C1F8690DE006E6F77 /* ofo */ = {
			isa = PBXNativeTarget;
			buildConfigurationList = 99E8986F1F8690DE006E6F77 /* Build configuration list for PBXNativeTarget "ofo" */;
			buildPhases = (
				016EA6048D8D91B1F9443BEA /* [CP] Check Pods Manifest.lock */,
				99E898591F8690DE006E6F77 /* Sources */,
				99E8985A1F8690DE006E6F77 /* Frameworks */,
				99E8985B1F8690DE006E6F77 /* Resources */,
				982C6998DBE39688357056BD /* [CP] Embed Pods Frameworks */,
				161A3BA94F0ABBA8358623E1 /* [CP] Copy Pods Resources */,
			);
			buildRules = (
			);
			dependencies = (
			);
			name = ofo;
			productName = ofo;
			productReference = 99E8985D1F8690DE006E6F77 /* ofo.app */;
			productType = "com.apple.product-type.application";
		};
/* End PBXNativeTarget section */

/* Begin PBXProject section */
		99E898551F8690DE006E6F77 /* Project object */ = {
			isa = PBXProject;
			attributes = {
				LastSwiftUpdateCheck = 0900;
				LastUpgradeCheck = 0900;
				ORGANIZATIONNAME = Yifeng;
				TargetAttributes = {
					99E8985C1F8690DE006E6F77 = {
						CreatedOnToolsVersion = 9.0;
						LastSwiftMigration = 0900;
						ProvisioningStyle = Automatic;
						SystemCapabilities = {
							com.apple.Maps.iOS = {
								enabled = 0;
							};
						};
					};
				};
			};
			buildConfigurationList = 99E898581F8690DE006E6F77 /* Build configuration list for PBXProject "ofo" */;
			compatibilityVersion = "Xcode 8.0";
			developmentRegion = en;
			hasScannedForEncodings = 0;
			knownRegions = (
				en,
				Base,
			);
			mainGroup = 99E898541F8690DE006E6F77;
			productRefGroup = 99E8985E1F8690DE006E6F77 /* Products */;
			projectDirPath = "";
			projectRoot = "";
			targets = (
				99E8985C1F8690DE006E6F77 /* ofo */,
			);
		};
/* End PBXProject section */

/* Begin PBXResourcesBuildPhase section */
		99E8985B1F8690DE006E6F77 /* Resources */ = {
			isa = PBXResourcesBuildPhase;
			buildActionMask = 2147483647;
			files = (
				9965677A1F87AFF7003BCF68 /* 中国重庆市渝中区400010解放碑商圈新华路222号 邮政编码- 400010.gpx in Resources */,
				99E898861F877ADD006E6F77 /* Main.storyboard in Resources */,
				99E8986B1F8690DE006E6F77 /* LaunchScreen.storyboard in Resources */,
				99E898681F8690DE006E6F77 /* Assets.xcassets in Resources */,
			);
			runOnlyForDeploymentPostprocessing = 0;
		};
/* End PBXResourcesBuildPhase section */

/* Begin PBXShellScriptBuildPhase section */
		016EA6048D8D91B1F9443BEA /* [CP] Check Pods Manifest.lock */ = {
			isa = PBXShellScriptBuildPhase;
			buildActionMask = 2147483647;
			files = (
			);
			inputPaths = (
				"${PODS_PODFILE_DIR_PATH}/Podfile.lock",
				"${PODS_ROOT}/Manifest.lock",
			);
			name = "[CP] Check Pods Manifest.lock";
			outputPaths = (
				"$(DERIVED_FILE_DIR)/Pods-ofo-checkManifestLockResult.txt",
			);
			runOnlyForDeploymentPostprocessing = 0;
			shellPath = /bin/sh;
			shellScript = "diff \"${PODS_PODFILE_DIR_PATH}/Podfile.lock\" \"${PODS_ROOT}/Manifest.lock\" > /dev/null\nif [ $? != 0 ] ; then\n    # print error to STDERR\n    echo \"error: The sandbox is not in sync with the Podfile.lock. Run 'pod install' or update your CocoaPods installation.\" >&2\n    exit 1\nfi\n# This output is used by Xcode 'outputs' to avoid re-running this script phase.\necho \"SUCCESS\" > \"${SCRIPT_OUTPUT_FILE_0}\"\n";
			showEnvVarsInLog = 0;
		};
		161A3BA94F0ABBA8358623E1 /* [CP] Copy Pods Resources */ = {
			isa = PBXShellScriptBuildPhase;
			buildActionMask = 2147483647;
			files = (
			);
			inputPaths = (
				"${SRCROOT}/Pods/Target Support Files/Pods-ofo/Pods-ofo-resources.sh",
				"${PODS_ROOT}/AMap3DMap/MAMapKit.framework/AMap.bundle",
				"${PODS_ROOT}/AMapNavi/AMapNaviKit.framework/AMapNavi.bundle",
			);
			name = "[CP] Copy Pods Resources";
			outputPaths = (
				"${TARGET_BUILD_DIR}/${UNLOCALIZED_RESOURCES_FOLDER_PATH}",
			);
			runOnlyForDeploymentPostprocessing = 0;
			shellPath = /bin/sh;
			shellScript = "\"${SRCROOT}/Pods/Target Support Files/Pods-ofo/Pods-ofo-resources.sh\"\n";
			showEnvVarsInLog = 0;
		};
		982C6998DBE39688357056BD /* [CP] Embed Pods Frameworks */ = {
			isa = PBXShellScriptBuildPhase;
			buildActionMask = 2147483647;
			files = (
			);
			inputPaths = (
				"${SRCROOT}/Pods/Target Support Files/Pods-ofo/Pods-ofo-frameworks.sh",
				"${BUILT_PRODUCTS_DIR}/SWRevealViewController/SWRevealViewController.framework",
			);
			name = "[CP] Embed Pods Frameworks";
			outputPaths = (
				"${TARGET_BUILD_DIR}/${FRAMEWORKS_FOLDER_PATH}/SWRevealViewController.framework",
			);
			runOnlyForDeploymentPostprocessing = 0;
			shellPath = /bin/sh;
			shellScript = "\"${SRCROOT}/Pods/Target Support Files/Pods-ofo/Pods-ofo-frameworks.sh\"\n";
			showEnvVarsInLog = 0;
		};
/* End PBXShellScriptBuildPhase section */

/* Begin PBXSourcesBuildPhase section */
		99E898591F8690DE006E6F77 /* Sources */ = {
			isa = PBXSourcesBuildPhase;
			buildActionMask = 2147483647;
			files = (
				99E898781F8751B8006E6F77 /* MenuController.swift in Sources */,
				9965677C1F87C059003BCF68 /* MyPinAnnotation.swift in Sources */,
				99E898631F8690DE006E6F77 /* ViewController.swift in Sources */,
				99E898761F872CD1006E6F77 /* WebViewController.swift in Sources */,
				99E898611F8690DE006E6F77 /* AppDelegate.swift in Sources */,
			);
			runOnlyForDeploymentPostprocessing = 0;
		};
/* End PBXSourcesBuildPhase section */

/* Begin PBXVariantGroup section */
		99E898691F8690DE006E6F77 /* LaunchScreen.storyboard */ = {
			isa = PBXVariantGroup;
			children = (
				99E8986A1F8690DE006E6F77 /* Base */,
			);
			name = LaunchScreen.storyboard;
			sourceTree = "<group>";
		};
		99E898841F877ADD006E6F77 /* Main.storyboard */ = {
			isa = PBXVariantGroup;
			children = (
				99E898851F877ADD006E6F77 /* Base */,
			);
			name = Main.storyboard;
			sourceTree = "<group>";
		};
/* End PBXVariantGroup section */

/* Begin XCBuildConfiguration section */
		99E8986D1F8690DE006E6F77 /* Debug */ = {
			isa = XCBuildConfiguration;
			buildSettings = {
				ALWAYS_SEARCH_USER_PATHS = NO;
				CLANG_ANALYZER_NONNULL = YES;
				CLANG_ANALYZER_NUMBER_OBJECT_CONVERSION = YES_AGGRESSIVE;
				CLANG_CXX_LANGUAGE_STANDARD = "gnu++14";
				CLANG_CXX_LIBRARY = "libc++";
				CLANG_ENABLE_MODULES = YES;
				CLANG_ENABLE_OBJC_ARC = YES;
				CLANG_WARN_BLOCK_CAPTURE_AUTORELEASING = YES;
				CLANG_WARN_BOOL_CONVERSION = YES;
				CLANG_WARN_COMMA = YES;
				CLANG_WARN_CONSTANT_CONVERSION = YES;
				CLANG_WARN_DIRECT_OBJC_ISA_USAGE = YES_ERROR;
				CLANG_WARN_DOCUMENTATION_COMMENTS = YES;
				CLANG_WARN_EMPTY_BODY = YES;
				CLANG_WARN_ENUM_CONVERSION = YES;
				CLANG_WARN_INFINITE_RECURSION = YES;
				CLANG_WARN_INT_CONVERSION = YES;
				CLANG_WARN_NON_LITERAL_NULL_CONVERSION = YES;
				CLANG_WARN_OBJC_LITERAL_CONVERSION = YES;
				CLANG_WARN_OBJC_ROOT_CLASS = YES_ERROR;
				CLANG_WARN_RANGE_LOOP_ANALYSIS = YES;
				CLANG_WARN_STRICT_PROTOTYPES = YES;
				CLANG_WARN_SUSPICIOUS_MOVE = YES;
				CLANG_WARN_UNGUARDED_AVAILABILITY = YES_AGGRESSIVE;
				CLANG_WARN_UNREACHABLE_CODE = YES;
				CLANG_WARN__DUPLICATE_METHOD_MATCH = YES;
				CODE_SIGN_IDENTITY = "iPhone Developer";
				COPY_PHASE_STRIP = NO;
				DEBUG_INFORMATION_FORMAT = dwarf;
				ENABLE_STRICT_OBJC_MSGSEND = YES;
				ENABLE_TESTABILITY = YES;
				GCC_C_LANGUAGE_STANDARD = gnu11;
				GCC_DYNAMIC_NO_PIC = NO;
				GCC_NO_COMMON_BLOCKS = YES;
				GCC_OPTIMIZATION_LEVEL = 0;
				GCC_PREPROCESSOR_DEFINITIONS = (
					"DEBUG=1",
					"$(inherited)",
				);
				GCC_WARN_64_TO_32_BIT_CONVERSION = YES;
				GCC_WARN_ABOUT_RETURN_TYPE = YES_ERROR;
				GCC_WARN_UNDECLARED_SELECTOR = YES;
				GCC_WARN_UNINITIALIZED_AUTOS = YES_AGGRESSIVE;
				GCC_WARN_UNUSED_FUNCTION = YES;
				GCC_WARN_UNUSED_VARIABLE = YES;
				IPHONEOS_DEPLOYMENT_TARGET = 11.0;
				MTL_ENABLE_DEBUG_INFO = YES;
				ONLY_ACTIVE_ARCH = YES;
				SDKROOT = iphoneos;
				SWIFT_ACTIVE_COMPILATION_CONDITIONS = DEBUG;
				SWIFT_OPTIMIZATION_LEVEL = "-Onone";
			};
			name = Debug;
		};
		99E8986E1F8690DE006E6F77 /* Release */ = {
			isa = XCBuildConfiguration;
			buildSettings = {
				ALWAYS_SEARCH_USER_PATHS = NO;
				CLANG_ANALYZER_NONNULL = YES;
				CLANG_ANALYZER_NUMBER_OBJECT_CONVERSION = YES_AGGRESSIVE;
				CLANG_CXX_LANGUAGE_STANDARD = "gnu++14";
				CLANG_CXX_LIBRARY = "libc++";
				CLANG_ENABLE_MODULES = YES;
				CLANG_ENABLE_OBJC_ARC = YES;
				CLANG_WARN_BLOCK_CAPTURE_AUTORELEASING = YES;
				CLANG_WARN_BOOL_CONVERSION = YES;
				CLANG_WARN_COMMA = YES;
				CLANG_WARN_CONSTANT_CONVERSION = YES;
				CLANG_WARN_DIRECT_OBJC_ISA_USAGE = YES_ERROR;
				CLANG_WARN_DOCUMENTATION_COMMENTS = YES;
				CLANG_WARN_EMPTY_BODY = YES;
				CLANG_WARN_ENUM_CONVERSION = YES;
				CLANG_WARN_INFINITE_RECURSION = YES;
				CLANG_WARN_INT_CONVERSION = YES;
				CLANG_WARN_NON_LITERAL_NULL_CONVERSION = YES;
				CLANG_WARN_OBJC_LITERAL_CONVERSION = YES;
				CLANG_WARN_OBJC_ROOT_CLASS = YES_ERROR;
				CLANG_WARN_RANGE_LOOP_ANALYSIS = YES;
				CLANG_WARN_STRICT_PROTOTYPES = YES;
				CLANG_WARN_SUSPICIOUS_MOVE = YES;
				CLANG_WARN_UNGUARDED_AVAILABILITY = YES_AGGRESSIVE;
				CLANG_WARN_UNREACHABLE_CODE = YES;
				CLANG_WARN__DUPLICATE_METHOD_MATCH = YES;
				CODE_SIGN_IDENTITY = "iPhone Developer";
				COPY_PHASE_STRIP = NO;
				DEBUG_INFORMATION_FORMAT = "dwarf-with-dsym";
				ENABLE_NS_ASSERTIONS = NO;
				ENABLE_STRICT_OBJC_MSGSEND = YES;
				GCC_C_LANGUAGE_STANDARD = gnu11;
				GCC_NO_COMMON_BLOCKS = YES;
				GCC_WARN_64_TO_32_BIT_CONVERSION = YES;
				GCC_WARN_ABOUT_RETURN_TYPE = YES_ERROR;
				GCC_WARN_UNDECLARED_SELECTOR = YES;
				GCC_WARN_UNINITIALIZED_AUTOS = YES_AGGRESSIVE;
				GCC_WARN_UNUSED_FUNCTION = YES;
				GCC_WARN_UNUSED_VARIABLE = YES;
				IPHONEOS_DEPLOYMENT_TARGET = 11.0;
				MTL_ENABLE_DEBUG_INFO = NO;
				SDKROOT = iphoneos;
				SWIFT_OPTIMIZATION_LEVEL = "-Owholemodule";
				VALIDATE_PRODUCT = YES;
			};
			name = Release;
		};
		99E898701F8690DE006E6F77 /* Debug */ = {
			isa = XCBuildConfiguration;
			baseConfigurationReference = C1569C18F451863687CFC046 /* Pods-ofo.debug.xcconfig */;
			buildSettings = {
				ASSETCATALOG_COMPILER_APPICON_NAME = AppIcon;
				ASSETCATALOG_COMPILER_LAUNCHIMAGE_NAME = LaunchImage;
				CLANG_ENABLE_MODULES = YES;
				CODE_SIGN_STYLE = Automatic;
				DEVELOPMENT_TEAM = 42GADX8FXD;
				INFOPLIST_FILE = ofo/Info.plist;
				IPHONEOS_DEPLOYMENT_TARGET = 9.0;
				LD_RUNPATH_SEARCH_PATHS = "$(inherited) @executable_path/Frameworks";
				PRODUCT_BUNDLE_IDENTIFIER = "com.fenggmy-163.ofo";
				PRODUCT_NAME = "$(TARGET_NAME)";
				SWIFT_OBJC_BRIDGING_HEADER = "ofo/ofo-Bridging-Header.h";
				SWIFT_OPTIMIZATION_LEVEL = "-Onone";
				SWIFT_VERSION = 4.0;
				TARGETED_DEVICE_FAMILY = "1,2";
			};
			name = Debug;
		};
		99E898711F8690DE006E6F77 /* Release */ = {
			isa = XCBuildConfiguration;
			baseConfigurationReference = F1339CF9DFE9405F8E52EC10 /* Pods-ofo.release.xcconfig */;
			buildSettings = {
				ASSETCATALOG_COMPILER_APPICON_NAME = AppIcon;
				ASSETCATALOG_COMPILER_LAUNCHIMAGE_NAME = LaunchImage;
				CLANG_ENABLE_MODULES = YES;
				CODE_SIGN_STYLE = Automatic;
				DEVELOPMENT_TEAM = 42GADX8FXD;
				INFOPLIST_FILE = ofo/Info.plist;
				IPHONEOS_DEPLOYMENT_TARGET = 9.0;
				LD_RUNPATH_SEARCH_PATHS = "$(inherited) @executable_path/Frameworks";
				PRODUCT_BUNDLE_IDENTIFIER = "com.fenggmy-163.ofo";
				PRODUCT_NAME = "$(TARGET_NAME)";
				SWIFT_OBJC_BRIDGING_HEADER = "ofo/ofo-Bridging-Header.h";
				SWIFT_VERSION = 4.0;
				TARGETED_DEVICE_FAMILY = "1,2";
			};
			name = Release;
		};
/* End XCBuildConfiguration section */

/* Begin XCConfigurationList section */
		99E898581F8690DE006E6F77 /* Build configuration list for PBXProject "ofo" */ = {
			isa = XCConfigurationList;
			buildConfigurations = (
				99E8986D1F8690DE006E6F77 /* Debug */,
				99E8986E1F8690DE006E6F77 /* Release */,
			);
			defaultConfigurationIsVisible = 0;
			defaultConfigurationName = Release;
		};
		99E8986F1F8690DE006E6F77 /* Build configuration list for PBXNativeTarget "ofo" */ = {
			isa = XCConfigurationList;
			buildConfigurations = (
				99E898701F8690DE006E6F77 /* Debug */,
				99E898711F8690DE006E6F77 /* Release */,
			);
			defaultConfigurationIsVisible = 0;
			defaultConfigurationName = Release;
		};
/* End XCConfigurationList section */
	};
	rootObject = 99E898551F8690DE006E6F77 /* Project object */;
}
